// !$*UTF8*$!
{
	archiveVersion = 1;
	classes = {
	};
	objectVersion = 46;
	objects = {

/* Begin PBXBuildFile section */
		754ACA9C1A954C5700E567DC /* MotionKit.framework in Frameworks */ = {isa = PBXBuildFile; fileRef = 754ACA991A954C4F00E567DC /* MotionKit.framework */; };
		754ACA9D1A954C5A00E567DC /* MotionKit.framework in Frameworks */ = {isa = PBXBuildFile; fileRef = 754ACA991A954C4F00E567DC /* MotionKit.framework */; };
		754ACA9E1A954C5A00E567DC /* MotionKit.framework in Embed Frameworks */ = {isa = PBXBuildFile; fileRef = 754ACA991A954C4F00E567DC /* MotionKit.framework */; settings = {ATTRIBUTES = (CodeSignOnCopy, RemoveHeadersOnCopy, ); }; };
		75FDEDB81A95476B00283A97 /* AppDelegate.swift in Sources */ = {isa = PBXBuildFile; fileRef = 75FDEDB71A95476B00283A97 /* AppDelegate.swift */; };
		75FDEDBB1A95476B00283A97 /* Example.xcdatamodeld in Sources */ = {isa = PBXBuildFile; fileRef = 75FDEDB91A95476B00283A97 /* Example.xcdatamodeld */; };
		75FDEDBD1A95476B00283A97 /* ViewController.swift in Sources */ = {isa = PBXBuildFile; fileRef = 75FDEDBC1A95476B00283A97 /* ViewController.swift */; };
		75FDEDC01A95476B00283A97 /* Main.storyboard in Resources */ = {isa = PBXBuildFile; fileRef = 75FDEDBE1A95476B00283A97 /* Main.storyboard */; };
		75FDEDC21A95476B00283A97 /* Images.xcassets in Resources */ = {isa = PBXBuildFile; fileRef = 75FDEDC11A95476B00283A97 /* Images.xcassets */; };
		75FDEDC51A95476B00283A97 /* LaunchScreen.xib in Resources */ = {isa = PBXBuildFile; fileRef = 75FDEDC31A95476B00283A97 /* LaunchScreen.xib */; };
		75FDEDD11A95476B00283A97 /* ExampleTests.swift in Sources */ = {isa = PBXBuildFile; fileRef = 75FDEDD01A95476B00283A97 /* ExampleTests.swift */; };
/* End PBXBuildFile section */

/* Begin PBXContainerItemProxy section */
		754ACA981A954C4F00E567DC /* PBXContainerItemProxy */ = {
			isa = PBXContainerItemProxy;
			containerPortal = 754ACA931A954C4F00E567DC /* MotionKit.xcodeproj */;
			proxyType = 2;
			remoteGlobalIDString = 75FDED551A9541F800283A97;
			remoteInfo = MotionKit;
		};
		754ACA9A1A954C4F00E567DC /* PBXContainerItemProxy */ = {
			isa = PBXContainerItemProxy;
			containerPortal = 754ACA931A954C4F00E567DC /* MotionKit.xcodeproj */;
			proxyType = 2;
			remoteGlobalIDString = 75FDED601A9541F800283A97;
			remoteInfo = MotionKitTests;
		};
		754ACA9F1A954C5A00E567DC /* PBXContainerItemProxy */ = {
			isa = PBXContainerItemProxy;
			containerPortal = 754ACA931A954C4F00E567DC /* MotionKit.xcodeproj */;
			proxyType = 1;
			remoteGlobalIDString = 75FDED541A9541F800283A97;
			remoteInfo = MotionKit;
		};
		75FDEDCB1A95476B00283A97 /* PBXContainerItemProxy */ = {
			isa = PBXContainerItemProxy;
			containerPortal = 75FDEDAA1A95476B00283A97 /* Project object */;
			proxyType = 1;
			remoteGlobalIDString = 75FDEDB11A95476B00283A97;
			remoteInfo = Example;
		};
/* End PBXContainerItemProxy section */

/* Begin PBXCopyFilesBuildPhase section */
		754ACAA11A954C5A00E567DC /* Embed Frameworks */ = {
			isa = PBXCopyFilesBuildPhase;
			buildActionMask = 2147483647;
			dstPath = "";
			dstSubfolderSpec = 10;
			files = (
				754ACA9E1A954C5A00E567DC /* MotionKit.framework in Embed Frameworks */,
			);
			name = "Embed Frameworks";
			runOnlyForDeploymentPostprocessing = 0;
		};
/* End PBXCopyFilesBuildPhase section */

/* Begin PBXFileReference section */
		754ACA931A954C4F00E567DC /* MotionKit.xcodeproj */ = {isa = PBXFileReference; lastKnownFileType = "wrapper.pb-project"; path = MotionKit.xcodeproj; sourceTree = "<group>"; };
		75FDEDB21A95476B00283A97 /* Example.app */ = {isa = PBXFileReference; explicitFileType = wrapper.application; includeInIndex = 0; path = Example.app; sourceTree = BUILT_PRODUCTS_DIR; };
		75FDEDB61A95476B00283A97 /* Info.plist */ = {isa = PBXFileReference; lastKnownFileType = text.plist.xml; path = Info.plist; sourceTree = "<group>"; };
		75FDEDB71A95476B00283A97 /* AppDelegate.swift */ = {isa = PBXFileReference; lastKnownFileType = sourcecode.swift; path = AppDelegate.swift; sourceTree = "<group>"; };
		75FDEDBA1A95476B00283A97 /* Example.xcdatamodel */ = {isa = PBXFileReference; lastKnownFileType = wrapper.xcdatamodel; path = Example.xcdatamodel; sourceTree = "<group>"; };
		75FDEDBC1A95476B00283A97 /* ViewController.swift */ = {isa = PBXFileReference; lastKnownFileType = sourcecode.swift; path = ViewController.swift; sourceTree = "<group>"; };
		75FDEDBF1A95476B00283A97 /* Base */ = {isa = PBXFileReference; lastKnownFileType = file.storyboard; name = Base; path = Base.lproj/Main.storyboard; sourceTree = "<group>"; };
		75FDEDC11A95476B00283A97 /* Images.xcassets */ = {isa = PBXFileReference; lastKnownFileType = folder.assetcatalog; path = Images.xcassets; sourceTree = "<group>"; };
		75FDEDC41A95476B00283A97 /* Base */ = {isa = PBXFileReference; lastKnownFileType = file.xib; name = Base; path = Base.lproj/LaunchScreen.xib; sourceTree = "<group>"; };
		75FDEDCA1A95476B00283A97 /* ExampleTests.xctest */ = {isa = PBXFileReference; explicitFileType = wrapper.cfbundle; includeInIndex = 0; path = ExampleTests.xctest; sourceTree = BUILT_PRODUCTS_DIR; };
		75FDEDCF1A95476B00283A97 /* Info.plist */ = {isa = PBXFileReference; lastKnownFileType = text.plist.xml; path = Info.plist; sourceTree = "<group>"; };
		75FDEDD01A95476B00283A97 /* ExampleTests.swift */ = {isa = PBXFileReference; lastKnownFileType = sourcecode.swift; path = ExampleTests.swift; sourceTree = "<group>"; };
/* End PBXFileReference section */

/* Begin PBXFrameworksBuildPhase section */
		75FDEDAF1A95476B00283A97 /* Frameworks */ = {
			isa = PBXFrameworksBuildPhase;
			buildActionMask = 2147483647;
			files = (
				754ACA9C1A954C5700E567DC /* MotionKit.framework in Frameworks */,
				754ACA9D1A954C5A00E567DC /* MotionKit.framework in Frameworks */,
			);
			runOnlyForDeploymentPostprocessing = 0;
		};
		75FDEDC71A95476B00283A97 /* Frameworks */ = {
			isa = PBXFrameworksBuildPhase;
			buildActionMask = 2147483647;
			files = (
			);
			runOnlyForDeploymentPostprocessing = 0;
		};
/* End PBXFrameworksBuildPhase section */

/* Begin PBXGroup section */
		754ACA941A954C4F00E567DC /* Products */ = {
			isa = PBXGroup;
			children = (
				754ACA991A954C4F00E567DC /* MotionKit.framework */,
				754ACA9B1A954C4F00E567DC /* MotionKitTests.xctest */,
			);
			name = Products;
			sourceTree = "<group>";
		};
		75FDEDA91A95476B00283A97 = {
			isa = PBXGroup;
			children = (
				754ACA931A954C4F00E567DC /* MotionKit.xcodeproj */,
				75FDEDB41A95476B00283A97 /* Example */,
				75FDEDCD1A95476B00283A97 /* ExampleTests */,
				75FDEDB31A95476B00283A97 /* Products */,
			);
			sourceTree = "<group>";
		};
		75FDEDB31A95476B00283A97 /* Products */ = {
			isa = PBXGroup;
			children = (
				75FDEDB21A95476B00283A97 /* Example.app */,
				75FDEDCA1A95476B00283A97 /* ExampleTests.xctest */,
			);
			name = Products;
			sourceTree = "<group>";
		};
		75FDEDB41A95476B00283A97 /* Example */ = {
			isa = PBXGroup;
			children = (
				75FDEDB71A95476B00283A97 /* AppDelegate.swift */,
				75FDEDBC1A95476B00283A97 /* ViewController.swift */,
				75FDEDBE1A95476B00283A97 /* Main.storyboard */,
				75FDEDC11A95476B00283A97 /* Images.xcassets */,
				75FDEDC31A95476B00283A97 /* LaunchScreen.xib */,
				75FDEDB91A95476B00283A97 /* Example.xcdatamodeld */,
				75FDEDB51A95476B00283A97 /* Supporting Files */,
			);
			path = Example;
			sourceTree = "<group>";
		};
		75FDEDB51A95476B00283A97 /* Supporting Files */ = {
			isa = PBXGroup;
			children = (
				75FDEDB61A95476B00283A97 /* Info.plist */,
			);
			name = "Supporting Files";
			sourceTree = "<group>";
		};
		75FDEDCD1A95476B00283A97 /* ExampleTests */ = {
			isa = PBXGroup;
			children = (
				75FDEDD01A95476B00283A97 /* ExampleTests.swift */,
				75FDEDCE1A95476B00283A97 /* Supporting Files */,
			);
			path = ExampleTests;
			sourceTree = "<group>";
		};
		75FDEDCE1A95476B00283A97 /* Supporting Files */ = {
			isa = PBXGroup;
			children = (
				75FDEDCF1A95476B00283A97 /* Info.plist */,
			);
			name = "Supporting Files";
			sourceTree = "<group>";
		};
/* End PBXGroup section */

/* Begin PBXNativeTarget section */
		75FDEDB11A95476B00283A97 /* Example */ = {
			isa = PBXNativeTarget;
			buildConfigurationList = 75FDEDD41A95476B00283A97 /* Build configuration list for PBXNativeTarget "Example" */;
			buildPhases = (
				75FDEDAE1A95476B00283A97 /* Sources */,
				75FDEDAF1A95476B00283A97 /* Frameworks */,
				75FDEDB01A95476B00283A97 /* Resources */,
				754ACAA11A954C5A00E567DC /* Embed Frameworks */,
			);
			buildRules = (
			);
			dependencies = (
				754ACAA01A954C5A00E567DC /* PBXTargetDependency */,
			);
			name = Example;
			productName = Example;
			productReference = 75FDEDB21A95476B00283A97 /* Example.app */;
			productType = "com.apple.product-type.application";
		};
		75FDEDC91A95476B00283A97 /* ExampleTests */ = {
			isa = PBXNativeTarget;
			buildConfigurationList = 75FDEDD71A95476B00283A97 /* Build configuration list for PBXNativeTarget "ExampleTests" */;
			buildPhases = (
				75FDEDC61A95476B00283A97 /* Sources */,
				75FDEDC71A95476B00283A97 /* Frameworks */,
				75FDEDC81A95476B00283A97 /* Resources */,
			);
			buildRules = (
			);
			dependencies = (
				75FDEDCC1A95476B00283A97 /* PBXTargetDependency */,
			);
			name = ExampleTests;
			productName = ExampleTests;
			productReference = 75FDEDCA1A95476B00283A97 /* ExampleTests.xctest */;
			productType = "com.apple.product-type.bundle.unit-test";
		};
/* End PBXNativeTarget section */

/* Begin PBXProject section */
		75FDEDAA1A95476B00283A97 /* Project object */ = {
			isa = PBXProject;
			attributes = {
				LastUpgradeCheck = 0610;
				ORGANIZATIONNAME = MotionKit;
				TargetAttributes = {
					75FDEDB11A95476B00283A97 = {
						CreatedOnToolsVersion = 6.1.1;
					};
					75FDEDC91A95476B00283A97 = {
						CreatedOnToolsVersion = 6.1.1;
						TestTargetID = 75FDEDB11A95476B00283A97;
					};
				};
			};
			buildConfigurationList = 75FDEDAD1A95476B00283A97 /* Build configuration list for PBXProject "Example" */;
			compatibilityVersion = "Xcode 3.2";
			developmentRegion = English;
			hasScannedForEncodings = 0;
			knownRegions = (
				en,
				Base,
			);
			mainGroup = 75FDEDA91A95476B00283A97;
			productRefGroup = 75FDEDB31A95476B00283A97 /* Products */;
			projectDirPath = "";
			projectReferences = (
				{
					ProductGroup = 754ACA941A954C4F00E567DC /* Products */;
					ProjectRef = 754ACA931A954C4F00E567DC /* MotionKit.xcodeproj */;
				},
			);
			projectRoot = "";
			targets = (
				75FDEDB11A95476B00283A97 /* Example */,
				75FDEDC91A95476B00283A97 /* ExampleTests */,
			);
		};
/* End PBXProject section */

/* Begin PBXReferenceProxy section */
		754ACA991A954C4F00E567DC /* MotionKit.framework */ = {
			isa = PBXReferenceProxy;
			fileType = wrapper.framework;
			path = MotionKit.framework;
			remoteRef = 754ACA981A954C4F00E567DC /* PBXContainerItemProxy */;
			sourceTree = BUILT_PRODUCTS_DIR;
		};
		754ACA9B1A954C4F00E567DC /* MotionKitTests.xctest */ = {
			isa = PBXReferenceProxy;
			fileType = wrapper.cfbundle;
			path = MotionKitTests.xctest;
			remoteRef = 754ACA9A1A954C4F00E567DC /* PBXContainerItemProxy */;
			sourceTree = BUILT_PRODUCTS_DIR;
		};
/* End PBXReferenceProxy section */

/* Begin PBXResourcesBuildPhase section */
		75FDEDB01A95476B00283A97 /* Resources */ = {
			isa = PBXResourcesBuildPhase;
			buildActionMask = 2147483647;
			files = (
				75FDEDC01A95476B00283A97 /* Main.storyboard in Resources */,
				75FDEDC51A95476B00283A97 /* LaunchScreen.xib in Resources */,
				75FDEDC21A95476B00283A97 /* Images.xcassets in Resources */,
			);
			runOnlyForDeploymentPostprocessing = 0;
		};
		75FDEDC81A95476B00283A97 /* Resources */ = {
			isa = PBXResourcesBuildPhase;
			buildActionMask = 2147483647;
			files = (
			);
			runOnlyForDeploymentPostprocessing = 0;
		};
/* End PBXResourcesBuildPhase section */

/* Begin PBXSourcesBuildPhase section */
		75FDEDAE1A95476B00283A97 /* Sources */ = {
			isa = PBXSourcesBuildPhase;
			buildActionMask = 2147483647;
			files = (
				75FDEDBD1A95476B00283A97 /* ViewController.swift in Sources */,
				75FDEDBB1A95476B00283A97 /* Example.xcdatamodeld in Sources */,
				75FDEDB81A95476B00283A97 /* AppDelegate.swift in Sources */,
			);
			runOnlyForDeploymentPostprocessing = 0;
		};
		75FDEDC61A95476B00283A97 /* Sources */ = {
			isa = PBXSourcesBuildPhase;
			buildActionMask = 2147483647;
			files = (
				75FDEDD11A95476B00283A97 /* ExampleTests.swift in Sources */,
			);
			runOnlyForDeploymentPostprocessing = 0;
		};
/* End PBXSourcesBuildPhase section */

/* Begin PBXTargetDependency section */
		754ACAA01A954C5A00E567DC /* PBXTargetDependency */ = {
			isa = PBXTargetDependency;
			name = MotionKit;
			targetProxy = 754ACA9F1A954C5A00E567DC /* PBXContainerItemProxy */;
		};
		75FDEDCC1A95476B00283A97 /* PBXTargetDependency */ = {
			isa = PBXTargetDependency;
			target = 75FDEDB11A95476B00283A97 /* Example */;
			targetProxy = 75FDEDCB1A95476B00283A97 /* PBXContainerItemProxy */;
		};
/* End PBXTargetDependency section */

/* Begin PBXVariantGroup section */
		75FDEDBE1A95476B00283A97 /* Main.storyboard */ = {
			isa = PBXVariantGroup;
			children = (
				75FDEDBF1A95476B00283A97 /* Base */,
			);
			name = Main.storyboard;
			sourceTree = "<group>";
		};
		75FDEDC31A95476B00283A97 /* LaunchScreen.xib */ = {
			isa = PBXVariantGroup;
			children = (
				75FDEDC41A95476B00283A97 /* Base */,
			);
			name = LaunchScreen.xib;
			sourceTree = "<group>";
		};
/* End PBXVariantGroup section */

/* Begin XCBuildConfiguration section */
		75FDEDD21A95476B00283A97 /* Debug */ = {
			isa = XCBuildConfiguration;
			buildSettings = {
				ALWAYS_SEARCH_USER_PATHS = NO;
				CLANG_CXX_LANGUAGE_STANDARD = "gnu++0x";
				CLANG_CXX_LIBRARY = "libc++";
				CLANG_ENABLE_MODULES = YES;
				CLANG_ENABLE_OBJC_ARC = YES;
				CLANG_WARN_BOOL_CONVERSION = YES;
				CLANG_WARN_CONSTANT_CONVERSION = YES;
				CLANG_WARN_DIRECT_OBJC_ISA_USAGE = YES_ERROR;
				CLANG_WARN_EMPTY_BODY = YES;
				CLANG_WARN_ENUM_CONVERSION = YES;
				CLANG_WARN_INT_CONVERSION = YES;
				CLANG_WARN_OBJC_ROOT_CLASS = YES_ERROR;
				CLANG_WARN_UNREACHABLE_CODE = YES;
				CLANG_WARN__DUPLICATE_METHOD_MATCH = YES;
				"CODE_SIGN_IDENTITY[sdk=iphoneos*]" = "iPhone Developer";
				COPY_PHASE_STRIP = NO;
				ENABLE_STRICT_OBJC_MSGSEND = YES;
				GCC_C_LANGUAGE_STANDARD = gnu99;
				GCC_DYNAMIC_NO_PIC = NO;
				GCC_OPTIMIZATION_LEVEL = 0;
				GCC_PREPROCESSOR_DEFINITIONS = (
					"DEBUG=1",
					"$(inherited)",
				);
				GCC_SYMBOLS_PRIVATE_EXTERN = NO;
				GCC_WARN_64_TO_32_BIT_CONVERSION = YES;
				GCC_WARN_ABOUT_RETURN_TYPE = YES_ERROR;
				GCC_WARN_UNDECLARED_SELECTOR = YES;
				GCC_WARN_UNINITIALIZED_AUTOS = YES_AGGRESSIVE;
				GCC_WARN_UNUSED_FUNCTION = YES;
				GCC_WARN_UNUSED_VARIABLE = YES;
				IPHONEOS_DEPLOYMENT_TARGET = 8.1;
				MTL_ENABLE_DEBUG_INFO = YES;
				ONLY_ACTIVE_ARCH = YES;
				SDKROOT = iphoneos;
				SWIFT_OPTIMIZATION_LEVEL = "-Onone";
				TARGETED_DEVICE_FAMILY = "1,2";
			};
			name = Debug;
		};
		75FDEDD31A95476B00283A97 /* Release */ = {
			isa = XCBuildConfiguration;
			buildSettings = {
				ALWAYS_SEARCH_USER_PATHS = NO;
				CLANG_CXX_LANGUAGE_STANDARD = "gnu++0x";
				CLANG_CXX_LIBRARY = "libc++";
				CLANG_ENABLE_MODULES = YES;
				CLANG_ENABLE_OBJC_ARC = YES;
				CLANG_WARN_BOOL_CONVERSION = YES;
				CLANG_WARN_CONSTANT_CONVERSION = YES;
				CLANG_WARN_DIRECT_OBJC_ISA_USAGE = YES_ERROR;
				CLANG_WARN_EMPTY_BODY = YES;
				CLANG_WARN_ENUM_CONVERSION = YES;
				CLANG_WARN_INT_CONVERSION = YES;
				CLANG_WARN_OBJC_ROOT_CLASS = YES_ERROR;
				CLANG_WARN_UNREACHABLE_CODE = YES;
				CLANG_WARN__DUPLICATE_METHOD_MATCH = YES;
				"CODE_SIGN_IDENTITY[sdk=iphoneos*]" = "iPhone Developer";
				COPY_PHASE_STRIP = YES;
				ENABLE_NS_ASSERTIONS = NO;
				ENABLE_STRICT_OBJC_MSGSEND = YES;
				GCC_C_LANGUAGE_STANDARD = gnu99;
				GCC_WARN_64_TO_32_BIT_CONVERSION = YES;
				GCC_WARN_ABOUT_RETURN_TYPE = YES_ERROR;
				GCC_WARN_UNDECLARED_SELECTOR = YES;
				GCC_WARN_UNINITIALIZED_AUTOS = YES_AGGRESSIVE;
				GCC_WARN_UNUSED_FUNCTION = YES;
				GCC_WARN_UNUSED_VARIABLE = YES;
				IPHONEOS_DEPLOYMENT_TARGET = 8.1;
				MTL_ENABLE_DEBUG_INFO = NO;
				SDKROOT = iphoneos;
				TARGETED_DEVICE_FAMILY = "1,2";
				VALIDATE_PRODUCT = YES;
			};
			name = Release;
		};
		75FDEDD51A95476B00283A97 /* Debug */ = {
			isa = XCBuildConfiguration;
			buildSettings = {
				ASSETCATALOG_COMPILER_APPICON_NAME = AppIcon;
				EMBEDDED_CONTENT_CONTAINS_SWIFT = YES;
				INFOPLIST_FILE = Example/Info.plist;
				LD_RUNPATH_SEARCH_PATHS = "$(inherited) @executable_path/Frameworks";
				PRODUCT_NAME = "$(TARGET_NAME)";
			};
			name = Debug;
		};
		75FDEDD61A95476B00283A97 /* Release */ = {
			isa = XCBuildConfiguration;
			buildSettings = {
				ASSETCATALOG_COMPILER_APPICON_NAME = AppIcon;
				EMBEDDED_CONTENT_CONTAINS_SWIFT = YES;
				INFOPLIST_FILE = Example/Info.plist;
				LD_RUNPATH_SEARCH_PATHS = "$(inherited) @executable_path/Frameworks";
				PRODUCT_NAME = "$(TARGET_NAME)";
			};
			name = Release;
		};
		75FDEDD81A95476B00283A97 /* Debug */ = {
			isa = XCBuildConfiguration;
			buildSettings = {
				BUNDLE_LOADER = "$(TEST_HOST)";
				FRAMEWORK_SEARCH_PATHS = (
					"$(SDKROOT)/Developer/Library/Frameworks",
					"$(inherited)",
				);
				GCC_PREPROCESSOR_DEFINITIONS = (
					"DEBUG=1",
					"$(inherited)",
				);
				INFOPLIST_FILE = ExampleTests/Info.plist;
				LD_RUNPATH_SEARCH_PATHS = "$(inherited) @executable_path/Frameworks @loader_path/Frameworks";
				PRODUCT_NAME = "$(TARGET_NAME)";
				TEST_HOST = "$(BUILT_PRODUCTS_DIR)/Example.app/Example";
			};
			name = Debug;
		};
		75FDEDD91A95476B00283A97 /* Release */ = {
			isa = XCBuildConfiguration;
			buildSettings = {
				BUNDLE_LOADER = "$(TEST_HOST)";
				FRAMEWORK_SEARCH_PATHS = (
					"$(SDKROOT)/Developer/Library/Frameworks",
					"$(inherited)",
				);
				INFOPLIST_FILE = ExampleTests/Info.plist;
				LD_RUNPATH_SEARCH_PATHS = "$(inherited) @executable_path/Frameworks @loader_path/Frameworks";
				PRODUCT_NAME = "$(TARGET_NAME)";
				TEST_HOST = "$(BUILT_PRODUCTS_DIR)/Example.app/Example";
			};
			name = Release;
		};
/* End XCBuildConfiguration section */

/* Begin XCConfigurationList section */
		75FDEDAD1A95476B00283A97 /* Build configuration list for PBXProject "Example" */ = {
			isa = XCConfigurationList;
			buildConfigurations = (
				75FDEDD21A95476B00283A97 /* Debug */,
				75FDEDD31A95476B00283A97 /* Release */,
			);
			defaultConfigurationIsVisible = 0;
			defaultConfigurationName = Release;
		};
		75FDEDD41A95476B00283A97 /* Build configuration list for PBXNativeTarget "Example" */ = {
			isa = XCConfigurationList;
			buildConfigurations = (
				75FDEDD51A95476B00283A97 /* Debug */,
				75FDEDD61A95476B00283A97 /* Release */,
			);
			defaultConfigurationIsVisible = 0;
			defaultConfigurationName = Release;
		};
		75FDEDD71A95476B00283A97 /* Build configuration list for PBXNativeTarget "ExampleTests" */ = {
			isa = XCConfigurationList;
			buildConfigurations = (
				75FDEDD81A95476B00283A97 /* Debug */,
				75FDEDD91A95476B00283A97 /* Release */,
			);
			defaultConfigurationIsVisible = 0;
			defaultConfigurationName = Release;
		};
/* End XCConfigurationList section */

/* Begin XCVersionGroup section */
		75FDEDB91A95476B00283A97 /* Example.xcdatamodeld */ = {
			isa = XCVersionGroup;
			children = (
				75FDEDBA1A95476B00283A97 /* Example.xcdatamodel */,
			);
			currentVersion = 75FDEDBA1A95476B00283A97 /* Example.xcdatamodel */;
			path = Example.xcdatamodeld;
			sourceTree = "<group>";
			versionGroupType = wrapper.xcdatamodel;
		};
/* End XCVersionGroup section */
	};
	rootObject = 75FDEDAA1A95476B00283A97 /* Project object */;
}
